
Microsoft Visual Studio Solution File, Format Version 12.00
# Visual Studio Version 17
VisualStudioVersion = 17.2.32630.192
MinimumVisualStudioVersion = 10.0.40219.1
Project("{FAE04EC0-301F-11D3-BF4B-00C04F79EFBC}") = "Say Hello2", "Say Hello2.csproj", "{EEE4DC88-7DA9-4D44-9046-C013999C6310}"
EndProject
Global
	GlobalSection(SolutionConfigurationPlatforms) = preSolution
		Debug|Any CPU = Debug|Any CPU
		Release|Any CPU = Release|Any CPU
	EndGlobalSection
	GlobalSection(ProjectConfigurationPlatforms) = postSolution
		{EEE4DC88-7DA9-4D44-9046-C013999C6310}.Debug|Any CPU.ActiveCfg = Debug|Any CPU
		{EEE4DC88-7DA9-4D44-9046-C013999C6310}.Debug|Any CPU.Build.0 = Debug|Any CPU
		{EEE4DC88-7DA9-4D44-9046-C013999C6310}.Release|Any CPU.ActiveCfg = Release|Any CPU
		{EEE4DC88-7DA9-4D44-9046-C013999C6310}.Release|Any CPU.Build.0 = Release|Any CPU
	EndGlobalSection
	GlobalSection(SolutionProperties) = preSolution
		HideSolutionNode = FALSE
	EndGlobalSection
	GlobalSection(ExtensibilityGlobals) = postSolution
		SolutionGuid = {E6EC1FF0-E8D4-4227-8DBC-FE9D4BD630CB}
	EndGlobalSection
EndGlobal
