
Microsoft Visual Studio Solution File, Format Version 12.00
# Visual Studio Version 17
VisualStudioVersion = 17.2.32630.192
MinimumVisualStudioVersion = 10.0.40219.1
Project("{FAE04EC0-301F-11D3-BF4B-00C04F79EFBC}") = "Say hello", "Say hello.csproj", "{3AB8890D-12E0-4C59-A582-4C3F53ED3884}"
EndProject
Global
	GlobalSection(SolutionConfigurationPlatforms) = preSolution
		Debug|Any CPU = Debug|Any CPU
		Release|Any CPU = Release|Any CPU
	EndGlobalSection
	GlobalSection(ProjectConfigurationPlatforms) = postSolution
		{3AB8890D-12E0-4C59-A582-4C3F53ED3884}.Debug|Any CPU.ActiveCfg = Debug|Any CPU
		{3AB8890D-12E0-4C59-A582-4C3F53ED3884}.Debug|Any CPU.Build.0 = Debug|Any CPU
		{3AB8890D-12E0-4C59-A582-4C3F53ED3884}.Release|Any CPU.ActiveCfg = Release|Any CPU
		{3AB8890D-12E0-4C59-A582-4C3F53ED3884}.Release|Any CPU.Build.0 = Release|Any CPU
	EndGlobalSection
	GlobalSection(SolutionProperties) = preSolution
		HideSolutionNode = FALSE
	EndGlobalSection
	GlobalSection(ExtensibilityGlobals) = postSolution
		SolutionGuid = {2D360CEC-DBA6-4C14-A999-2B87C8F81430}
	EndGlobalSection
EndGlobal
