
Microsoft Visual Studio Solution File, Format Version 12.00
# Visual Studio Version 17
VisualStudioVersion = 17.2.32630.192
MinimumVisualStudioVersion = 10.0.40219.1
Project("{FAE04EC0-301F-11D3-BF4B-00C04F79EFBC}") = "MySuperBank", "MySuperBank.csproj", "{45AD4851-B10F-4481-BB0D-68A962B0F47D}"
EndProject
Global
	GlobalSection(SolutionConfigurationPlatforms) = preSolution
		Debug|Any CPU = Debug|Any CPU
		Release|Any CPU = Release|Any CPU
	EndGlobalSection
	GlobalSection(ProjectConfigurationPlatforms) = postSolution
		{45AD4851-B10F-4481-BB0D-68A962B0F47D}.Debug|Any CPU.ActiveCfg = Debug|Any CPU
		{45AD4851-B10F-4481-BB0D-68A962B0F47D}.Debug|Any CPU.Build.0 = Debug|Any CPU
		{45AD4851-B10F-4481-BB0D-68A962B0F47D}.Release|Any CPU.ActiveCfg = Release|Any CPU
		{45AD4851-B10F-4481-BB0D-68A962B0F47D}.Release|Any CPU.Build.0 = Release|Any CPU
	EndGlobalSection
	GlobalSection(SolutionProperties) = preSolution
		HideSolutionNode = FALSE
	EndGlobalSection
	GlobalSection(ExtensibilityGlobals) = postSolution
		SolutionGuid = {BEFD8C75-FDC3-4FB9-827F-9EBCCE7E7720}
	EndGlobalSection
EndGlobal
